
Microsoft Visual Studio Solution File, Format Version 12.00
# Visual Studio 14
VisualStudioVersion = 14.0.25420.1
MinimumVisualStudioVersion = 10.0.40219.1
Project("{2150E333-8FDC-42A3-9474-1A3956D46DE8}") = "src", "src", "{9853367C-B621-4CAA-9694-1BD88FF5A2D6}"
EndProject
Project("{2150E333-8FDC-42A3-9474-1A3956D46DE8}") = "Solution Items", "Solution Items", "{8AF33A03-43AB-4558-8C2D-63C189763E8F}"
	ProjectSection(SolutionItems) = preProject
		global.json = global.json
	EndProjectSection
EndProject
Project("{8BB2217D-0F2D-49D1-97BC-3654ED321F3B}") = "TcpServiceCore", "src\TcpServiceCore\TcpServiceCore.xproj", "{6AAB9DDC-2D78-42E6-AEF1-BE56FC333BB8}"
EndProject
Project("{8BB2217D-0F2D-49D1-97BC-3654ED321F3B}") = "TcpServiceCore.Test", "src\TcpServiceCore.Test\TcpServiceCore.Test.xproj", "{A7AF8ABC-4C37-49EC-8173-F176A1FFB58E}"
EndProject
Global
	GlobalSection(SolutionConfigurationPlatforms) = preSolution
		Debug|Any CPU = Debug|Any CPU
		Release|Any CPU = Release|Any CPU
	EndGlobalSection
	GlobalSection(ProjectConfigurationPlatforms) = postSolution
		{6AAB9DDC-2D78-42E6-AEF1-BE56FC333BB8}.Debug|Any CPU.ActiveCfg = Debug|Any CPU
		{6AAB9DDC-2D78-42E6-AEF1-BE56FC333BB8}.Debug|Any CPU.Build.0 = Debug|Any CPU
		{6AAB9DDC-2D78-42E6-AEF1-BE56FC333BB8}.Release|Any CPU.ActiveCfg = Release|Any CPU
		{6AAB9DDC-2D78-42E6-AEF1-BE56FC333BB8}.Release|Any CPU.Build.0 = Release|Any CPU
		{A7AF8ABC-4C37-49EC-8173-F176A1FFB58E}.Debug|Any CPU.ActiveCfg = Debug|Any CPU
		{A7AF8ABC-4C37-49EC-8173-F176A1FFB58E}.Debug|Any CPU.Build.0 = Debug|Any CPU
		{A7AF8ABC-4C37-49EC-8173-F176A1FFB58E}.Release|Any CPU.ActiveCfg = Release|Any CPU
		{A7AF8ABC-4C37-49EC-8173-F176A1FFB58E}.Release|Any CPU.Build.0 = Release|Any CPU
	EndGlobalSection
	GlobalSection(SolutionProperties) = preSolution
		HideSolutionNode = FALSE
	EndGlobalSection
	GlobalSection(NestedProjects) = preSolution
		{6AAB9DDC-2D78-42E6-AEF1-BE56FC333BB8} = {9853367C-B621-4CAA-9694-1BD88FF5A2D6}
		{A7AF8ABC-4C37-49EC-8173-F176A1FFB58E} = {9853367C-B621-4CAA-9694-1BD88FF5A2D6}
	EndGlobalSection
EndGlobal
