
Microsoft Visual Studio Solution File, Format Version 12.00
# Visual Studio 15
VisualStudioVersion = 15.0.27130.2010
MinimumVisualStudioVersion = 10.0.40219.1
Project("{FAE04EC0-301F-11D3-BF4B-00C04F79EFBC}") = "TcpServiceCore", "TcpServiceCore\TcpServiceCore.csproj", "{6841F30A-77FE-43B7-B8C4-0B203B3F0384}"
EndProject
Project("{9A19103F-16F7-4668-BE54-9A1E7A4F7556}") = "TcpServiceCore.Test", "TcpServiceCore.Test\TcpServiceCore.Test.csproj", "{D306733D-4D1D-4D25-BFA3-B22D492B9FAE}"
EndProject
Global
	GlobalSection(SolutionConfigurationPlatforms) = preSolution
		Debug|Any CPU = Debug|Any CPU
		Release|Any CPU = Release|Any CPU
	EndGlobalSection
	GlobalSection(ProjectConfigurationPlatforms) = postSolution
		{6841F30A-77FE-43B7-B8C4-0B203B3F0384}.Debug|Any CPU.ActiveCfg = Debug|Any CPU
		{6841F30A-77FE-43B7-B8C4-0B203B3F0384}.Debug|Any CPU.Build.0 = Debug|Any CPU
		{6841F30A-77FE-43B7-B8C4-0B203B3F0384}.Release|Any CPU.ActiveCfg = Release|Any CPU
		{6841F30A-77FE-43B7-B8C4-0B203B3F0384}.Release|Any CPU.Build.0 = Release|Any CPU
		{D306733D-4D1D-4D25-BFA3-B22D492B9FAE}.Debug|Any CPU.ActiveCfg = Debug|Any CPU
		{D306733D-4D1D-4D25-BFA3-B22D492B9FAE}.Debug|Any CPU.Build.0 = Debug|Any CPU
		{D306733D-4D1D-4D25-BFA3-B22D492B9FAE}.Release|Any CPU.ActiveCfg = Release|Any CPU
		{D306733D-4D1D-4D25-BFA3-B22D492B9FAE}.Release|Any CPU.Build.0 = Release|Any CPU
	EndGlobalSection
	GlobalSection(SolutionProperties) = preSolution
		HideSolutionNode = FALSE
	EndGlobalSection
	GlobalSection(ExtensibilityGlobals) = postSolution
		SolutionGuid = {D5FDF504-6E2B-439C-9ABF-7AE82075B9FD}
	EndGlobalSection
EndGlobal
